
Microsoft Visual Studio Solution File, Format Version 12.00
# Visual Studio Version 17
VisualStudioVersion = 17.9.34622.214
MinimumVisualStudioVersion = 10.0.40219.1
Project("{FAE04EC0-301F-11D3-BF4B-00C04F79EFBC}") = "TaxiRideUI", "TaxiRideUI\TaxiRideUI.csproj", "{BD3EB442-1B15-4F82-AA92-65D936521F7D}"
EndProject
Global
	GlobalSection(SolutionConfigurationPlatforms) = preSolution
		Debug|Any CPU = Debug|Any CPU
		Release|Any CPU = Release|Any CPU
	EndGlobalSection
	GlobalSection(ProjectConfigurationPlatforms) = postSolution
		{BD3EB442-1B15-4F82-AA92-65D936521F7D}.Debug|Any CPU.ActiveCfg = Debug|Any CPU
		{BD3EB442-1B15-4F82-AA92-65D936521F7D}.Debug|Any CPU.Build.0 = Debug|Any CPU
		{BD3EB442-1B15-4F82-AA92-65D936521F7D}.Release|Any CPU.ActiveCfg = Release|Any CPU
		{BD3EB442-1B15-4F82-AA92-65D936521F7D}.Release|Any CPU.Build.0 = Release|Any CPU
	EndGlobalSection
	GlobalSection(SolutionProperties) = preSolution
		HideSolutionNode = FALSE
	EndGlobalSection
	GlobalSection(ExtensibilityGlobals) = postSolution
		SolutionGuid = {B20E3DEA-8FE8-4934-A667-80ED1ED4343C}
	EndGlobalSection
EndGlobal
